
Microsoft Visual Studio Solution File, Format Version 12.00
# Visual Studio Version 16
VisualStudioVersion = 16.0.31515.178
MinimumVisualStudioVersion = 10.0.40219.1
Project("{FAE04EC0-301F-11D3-BF4B-00C04F79EFBC}") = "PersonalInventoryAPI", "PersonalInventoryAPI.csproj", "{762394AB-1671-40E3-9844-A698D8AA1835}"
EndProject
Project("{FAE04EC0-301F-11D3-BF4B-00C04F79EFBC}") = "PersonalInventoryAPI.Tests", "..\PersonalInventoryAPI.Tests\PersonalInventoryAPI.Tests.csproj", "{BC5B64F7-CF42-4995-A107-01D24D25AD30}"
EndProject
Project("{2150E333-8FDC-42A3-9474-1A3956D46DE8}") = "Tests", "Tests", "{4D43B1BF-1B03-4942-843E-960E9F0530DC}"
EndProject
Global
	GlobalSection(SolutionConfigurationPlatforms) = preSolution
		Debug|Any CPU = Debug|Any CPU
		Release|Any CPU = Release|Any CPU
	EndGlobalSection
	GlobalSection(ProjectConfigurationPlatforms) = postSolution
		{762394AB-1671-40E3-9844-A698D8AA1835}.Debug|Any CPU.ActiveCfg = Debug|Any CPU
		{762394AB-1671-40E3-9844-A698D8AA1835}.Debug|Any CPU.Build.0 = Debug|Any CPU
		{762394AB-1671-40E3-9844-A698D8AA1835}.Release|Any CPU.ActiveCfg = Release|Any CPU
		{762394AB-1671-40E3-9844-A698D8AA1835}.Release|Any CPU.Build.0 = Release|Any CPU
		{BC5B64F7-CF42-4995-A107-01D24D25AD30}.Debug|Any CPU.ActiveCfg = Debug|Any CPU
		{BC5B64F7-CF42-4995-A107-01D24D25AD30}.Debug|Any CPU.Build.0 = Debug|Any CPU
		{BC5B64F7-CF42-4995-A107-01D24D25AD30}.Release|Any CPU.ActiveCfg = Release|Any CPU
		{BC5B64F7-CF42-4995-A107-01D24D25AD30}.Release|Any CPU.Build.0 = Release|Any CPU
	EndGlobalSection
	GlobalSection(SolutionProperties) = preSolution
		HideSolutionNode = FALSE
	EndGlobalSection
	GlobalSection(NestedProjects) = preSolution
		{BC5B64F7-CF42-4995-A107-01D24D25AD30} = {4D43B1BF-1B03-4942-843E-960E9F0530DC}
	EndGlobalSection
	GlobalSection(ExtensibilityGlobals) = postSolution
		SolutionGuid = {0DE25234-F2D4-4758-B1B5-6DD5BCC255EF}
	EndGlobalSection
EndGlobal
